
Microsoft Visual Studio Solution File, Format Version 12.00
# Visual Studio Version 17
VisualStudioVersion = 17.6.33712.159
MinimumVisualStudioVersion = 10.0.40219.1
Project("{9A19103F-16F7-4668-BE54-9A1E7A4F7556}") = "E-Library", "E-Library\E-Library.csproj", "{52ED1AA3-AD38-4F02-BAC7-57945D937C5C}"
EndProject
Project("{FAE04EC0-301F-11D3-BF4B-00C04F79EFBC}") = "E-Library.Databases", "E-Library.Databases\E-Library.Databases.csproj", "{C5844096-C463-452A-96F6-A5E0B7CF32C5}"
EndProject
Project("{FAE04EC0-301F-11D3-BF4B-00C04F79EFBC}") = "E-Library.Repositories", "E-Library.Repositories\E-Library.Repositories.csproj", "{C196F14F-B444-4647-8CB5-F28E5485660E}"
EndProject
Project("{FAE04EC0-301F-11D3-BF4B-00C04F79EFBC}") = "E-Library.Services", "E-Library.Services\E-Library.Services.csproj", "{B59CD500-5E00-48D4-9D8F-BD32A6627611}"
EndProject
Global
	GlobalSection(SolutionConfigurationPlatforms) = preSolution
		Debug|Any CPU = Debug|Any CPU
		Release|Any CPU = Release|Any CPU
	EndGlobalSection
	GlobalSection(ProjectConfigurationPlatforms) = postSolution
		{52ED1AA3-AD38-4F02-BAC7-57945D937C5C}.Debug|Any CPU.ActiveCfg = Debug|Any CPU
		{52ED1AA3-AD38-4F02-BAC7-57945D937C5C}.Debug|Any CPU.Build.0 = Debug|Any CPU
		{52ED1AA3-AD38-4F02-BAC7-57945D937C5C}.Release|Any CPU.ActiveCfg = Release|Any CPU
		{52ED1AA3-AD38-4F02-BAC7-57945D937C5C}.Release|Any CPU.Build.0 = Release|Any CPU
		{C5844096-C463-452A-96F6-A5E0B7CF32C5}.Debug|Any CPU.ActiveCfg = Debug|Any CPU
		{C5844096-C463-452A-96F6-A5E0B7CF32C5}.Debug|Any CPU.Build.0 = Debug|Any CPU
		{C5844096-C463-452A-96F6-A5E0B7CF32C5}.Release|Any CPU.ActiveCfg = Release|Any CPU
		{C5844096-C463-452A-96F6-A5E0B7CF32C5}.Release|Any CPU.Build.0 = Release|Any CPU
		{C196F14F-B444-4647-8CB5-F28E5485660E}.Debug|Any CPU.ActiveCfg = Debug|Any CPU
		{C196F14F-B444-4647-8CB5-F28E5485660E}.Debug|Any CPU.Build.0 = Debug|Any CPU
		{C196F14F-B444-4647-8CB5-F28E5485660E}.Release|Any CPU.ActiveCfg = Release|Any CPU
		{C196F14F-B444-4647-8CB5-F28E5485660E}.Release|Any CPU.Build.0 = Release|Any CPU
		{B59CD500-5E00-48D4-9D8F-BD32A6627611}.Debug|Any CPU.ActiveCfg = Debug|Any CPU
		{B59CD500-5E00-48D4-9D8F-BD32A6627611}.Debug|Any CPU.Build.0 = Debug|Any CPU
		{B59CD500-5E00-48D4-9D8F-BD32A6627611}.Release|Any CPU.ActiveCfg = Release|Any CPU
		{B59CD500-5E00-48D4-9D8F-BD32A6627611}.Release|Any CPU.Build.0 = Release|Any CPU
	EndGlobalSection
	GlobalSection(SolutionProperties) = preSolution
		HideSolutionNode = FALSE
	EndGlobalSection
	GlobalSection(ExtensibilityGlobals) = postSolution
		SolutionGuid = {61397175-D3B2-49F4-A06A-63BBFAA34A7E}
	EndGlobalSection
EndGlobal
